
Microsoft Visual Studio Solution File, Format Version 12.00
# Visual Studio 15
VisualStudioVersion = 15.0.28307.168
MinimumVisualStudioVersion = 10.0.40219.1
Project("{FAE04EC0-301F-11D3-BF4B-00C04F79EFBC}") = "WebApplicationMajsterStrelby", "WebApplicationMajsterStrelby\WebApplicationMajsterStrelby.csproj", "{174DAA2B-4557-4B31-85B4-C0A76AF8FA3F}"
EndProject
Global
	GlobalSection(SolutionConfigurationPlatforms) = preSolution
		Debug|Any CPU = Debug|Any CPU
		Release|Any CPU = Release|Any CPU
	EndGlobalSection
	GlobalSection(ProjectConfigurationPlatforms) = postSolution
		{174DAA2B-4557-4B31-85B4-C0A76AF8FA3F}.Debug|Any CPU.ActiveCfg = Debug|Any CPU
		{174DAA2B-4557-4B31-85B4-C0A76AF8FA3F}.Debug|Any CPU.Build.0 = Debug|Any CPU
		{174DAA2B-4557-4B31-85B4-C0A76AF8FA3F}.Release|Any CPU.ActiveCfg = Release|Any CPU
		{174DAA2B-4557-4B31-85B4-C0A76AF8FA3F}.Release|Any CPU.Build.0 = Release|Any CPU
	EndGlobalSection
	GlobalSection(SolutionProperties) = preSolution
		HideSolutionNode = FALSE
	EndGlobalSection
	GlobalSection(ExtensibilityGlobals) = postSolution
		SolutionGuid = {DC0FD3CC-3B34-4623-83AE-7483725202DF}
	EndGlobalSection
EndGlobal
