
Microsoft Visual Studio Solution File, Format Version 12.00
# Visual Studio 15
VisualStudioVersion = 15.0.28307.168
MinimumVisualStudioVersion = 10.0.40219.1
Project("{FAE04EC0-301F-11D3-BF4B-00C04F79EFBC}") = "ASP.NET_MVC_MajsterStrelby", "ASP.NET_MVC_MajsterStrelby\ASP.NET_MVC_MajsterStrelby.csproj", "{460B15B8-DB76-4A67-8574-AD1027C5442D}"
EndProject
Global
	GlobalSection(SolutionConfigurationPlatforms) = preSolution
		Debug|Any CPU = Debug|Any CPU
		Release|Any CPU = Release|Any CPU
	EndGlobalSection
	GlobalSection(ProjectConfigurationPlatforms) = postSolution
		{460B15B8-DB76-4A67-8574-AD1027C5442D}.Debug|Any CPU.ActiveCfg = Debug|Any CPU
		{460B15B8-DB76-4A67-8574-AD1027C5442D}.Debug|Any CPU.Build.0 = Debug|Any CPU
		{460B15B8-DB76-4A67-8574-AD1027C5442D}.Release|Any CPU.ActiveCfg = Release|Any CPU
		{460B15B8-DB76-4A67-8574-AD1027C5442D}.Release|Any CPU.Build.0 = Release|Any CPU
	EndGlobalSection
	GlobalSection(SolutionProperties) = preSolution
		HideSolutionNode = FALSE
	EndGlobalSection
	GlobalSection(ExtensibilityGlobals) = postSolution
		SolutionGuid = {532C9BF6-44C2-42B7-9F73-130B608FB94C}
	EndGlobalSection
EndGlobal
